// !$*UTF8*$!
{
	archiveVersion = 1;
	classes = {
	};
	objectVersion = 46;
	objects = {

/* Begin PBXBuildFile section */
		1D1F891D1AA3CAEE00F0D4DC /* Note.m in Sources */ = {isa = PBXBuildFile; fileRef = 1D1F891C1AA3CAEE00F0D4DC /* Note.m */; };
		1D8C25771AA3BB650029F795 /* NotesArraySingleton.m in Sources */ = {isa = PBXBuildFile; fileRef = 1D8C25761AA3BB650029F795 /* NotesArraySingleton.m */; };
		1DFBDE071AA37EB300FF1B07 /* main.m in Sources */ = {isa = PBXBuildFile; fileRef = 1DFBDE061AA37EB300FF1B07 /* main.m */; };
		1DFBDE0A1AA37EB300FF1B07 /* AppDelegate.m in Sources */ = {isa = PBXBuildFile; fileRef = 1DFBDE091AA37EB300FF1B07 /* AppDelegate.m */; };
		1DFBDE0D1AA37EB300FF1B07 /* TableViewController.m in Sources */ = {isa = PBXBuildFile; fileRef = 1DFBDE0C1AA37EB300FF1B07 /* TableViewController.m */; };
		1DFBDE101AA37EB300FF1B07 /* Main.storyboard in Resources */ = {isa = PBXBuildFile; fileRef = 1DFBDE0E1AA37EB300FF1B07 /* Main.storyboard */; };
		1DFBDE121AA37EB300FF1B07 /* Images.xcassets in Resources */ = {isa = PBXBuildFile; fileRef = 1DFBDE111AA37EB300FF1B07 /* Images.xcassets */; };
		1DFBDE151AA37EB300FF1B07 /* LaunchScreen.xib in Resources */ = {isa = PBXBuildFile; fileRef = 1DFBDE131AA37EB300FF1B07 /* LaunchScreen.xib */; };
		1DFBDE211AA37EB300FF1B07 /* Reminder.m in Sources */ = {isa = PBXBuildFile; fileRef = 1DFBDE201AA37EB300FF1B07 /* Reminder.m */; };
		1DFBDE2C1AA383C300FF1B07 /* AddNoteViewController.m in Sources */ = {isa = PBXBuildFile; fileRef = 1DFBDE2B1AA383C300FF1B07 /* AddNoteViewController.m */; };
		A0E54AB41AAF77600084B807 /* Info.plist in Resources */ = {isa = PBXBuildFile; fileRef = A0E54AB31AAF77600084B807 /* Info.plist */; };
/* End PBXBuildFile section */

/* Begin PBXContainerItemProxy section */
		1DFBDE1B1AA37EB300FF1B07 /* PBXContainerItemProxy */ = {
			isa = PBXContainerItemProxy;
			containerPortal = 1DFBDDF91AA37EB300FF1B07 /* Project object */;
			proxyType = 1;
			remoteGlobalIDString = 1DFBDE001AA37EB300FF1B07;
			remoteInfo = MySecondApp;
		};
/* End PBXContainerItemProxy section */

/* Begin PBXFileReference section */
		1D1F891B1AA3CAEE00F0D4DC /* Note.h */ = {isa = PBXFileReference; fileEncoding = 4; lastKnownFileType = sourcecode.c.h; lineEnding = 0; name = Note.h; path = ../Note.h; sourceTree = "<group>"; xcLanguageSpecificationIdentifier = xcode.lang.objcpp; };
		1D1F891C1AA3CAEE00F0D4DC /* Note.m */ = {isa = PBXFileReference; fileEncoding = 4; lastKnownFileType = sourcecode.c.objc; lineEnding = 0; name = Note.m; path = ../Note.m; sourceTree = "<group>"; xcLanguageSpecificationIdentifier = xcode.lang.objc; };
		1D8C25751AA3BB650029F795 /* NotesArraySingleton.h */ = {isa = PBXFileReference; fileEncoding = 4; lastKnownFileType = sourcecode.c.h; lineEnding = 0; path = NotesArraySingleton.h; sourceTree = "<group>"; xcLanguageSpecificationIdentifier = xcode.lang.objcpp; };
		1D8C25761AA3BB650029F795 /* NotesArraySingleton.m */ = {isa = PBXFileReference; fileEncoding = 4; lastKnownFileType = sourcecode.c.objc; lineEnding = 0; path = NotesArraySingleton.m; sourceTree = "<group>"; xcLanguageSpecificationIdentifier = xcode.lang.objc; };
		1DFBDE011AA37EB300FF1B07 /* Reminder.app */ = {isa = PBXFileReference; explicitFileType = wrapper.application; includeInIndex = 0; path = Reminder.app; sourceTree = BUILT_PRODUCTS_DIR; };
		1DFBDE061AA37EB300FF1B07 /* main.m */ = {isa = PBXFileReference; lastKnownFileType = sourcecode.c.objc; lineEnding = 0; path = main.m; sourceTree = "<group>"; xcLanguageSpecificationIdentifier = xcode.lang.objc; };
		1DFBDE081AA37EB300FF1B07 /* AppDelegate.h */ = {isa = PBXFileReference; lastKnownFileType = sourcecode.c.h; lineEnding = 0; path = AppDelegate.h; sourceTree = "<group>"; xcLanguageSpecificationIdentifier = xcode.lang.objcpp; };
		1DFBDE091AA37EB300FF1B07 /* AppDelegate.m */ = {isa = PBXFileReference; lastKnownFileType = sourcecode.c.objc; lineEnding = 0; path = AppDelegate.m; sourceTree = "<group>"; xcLanguageSpecificationIdentifier = xcode.lang.objc; };
		1DFBDE0B1AA37EB300FF1B07 /* TableViewController.h */ = {isa = PBXFileReference; lastKnownFileType = sourcecode.c.h; lineEnding = 0; path = TableViewController.h; sourceTree = "<group>"; xcLanguageSpecificationIdentifier = xcode.lang.objcpp; };
		1DFBDE0C1AA37EB300FF1B07 /* TableViewController.m */ = {isa = PBXFileReference; lastKnownFileType = sourcecode.c.objc; lineEnding = 0; path = TableViewController.m; sourceTree = "<group>"; xcLanguageSpecificationIdentifier = xcode.lang.objc; };
		1DFBDE0F1AA37EB300FF1B07 /* Base */ = {isa = PBXFileReference; lastKnownFileType = file.storyboard; name = Base; path = Base.lproj/Main.storyboard; sourceTree = "<group>"; };
		1DFBDE111AA37EB300FF1B07 /* Images.xcassets */ = {isa = PBXFileReference; lastKnownFileType = folder.assetcatalog; path = Images.xcassets; sourceTree = "<group>"; };
		1DFBDE141AA37EB300FF1B07 /* Base */ = {isa = PBXFileReference; lastKnownFileType = file.xib; name = Base; path = Base.lproj/LaunchScreen.xib; sourceTree = "<group>"; };
		1DFBDE1A1AA37EB300FF1B07 /* ReminderTests.xctest */ = {isa = PBXFileReference; explicitFileType = wrapper.cfbundle; includeInIndex = 0; path = ReminderTests.xctest; sourceTree = BUILT_PRODUCTS_DIR; };
		1DFBDE201AA37EB300FF1B07 /* Reminder.m */ = {isa = PBXFileReference; lastKnownFileType = sourcecode.c.objc; lineEnding = 0; path = Reminder.m; sourceTree = "<group>"; xcLanguageSpecificationIdentifier = xcode.lang.objc; };
		1DFBDE2A1AA383C300FF1B07 /* AddNoteViewController.h */ = {isa = PBXFileReference; fileEncoding = 4; lastKnownFileType = sourcecode.c.h; lineEnding = 0; path = AddNoteViewController.h; sourceTree = "<group>"; xcLanguageSpecificationIdentifier = xcode.lang.objcpp; };
		1DFBDE2B1AA383C300FF1B07 /* AddNoteViewController.m */ = {isa = PBXFileReference; fileEncoding = 4; lastKnownFileType = sourcecode.c.objc; lineEnding = 0; path = AddNoteViewController.m; sourceTree = "<group>"; xcLanguageSpecificationIdentifier = xcode.lang.objc; };
		A0E54AB31AAF77600084B807 /* Info.plist */ = {isa = PBXFileReference; fileEncoding = 4; lastKnownFileType = text.plist.xml; path = Info.plist; sourceTree = "<group>"; };
/* End PBXFileReference section */

/* Begin PBXFrameworksBuildPhase section */
		1DFBDDFE1AA37EB300FF1B07 /* Frameworks */ = {
			isa = PBXFrameworksBuildPhase;
			buildActionMask = 2147483647;
			files = (
			);
			runOnlyForDeploymentPostprocessing = 0;
		};
		1DFBDE171AA37EB300FF1B07 /* Frameworks */ = {
			isa = PBXFrameworksBuildPhase;
			buildActionMask = 2147483647;
			files = (
			);
			runOnlyForDeploymentPostprocessing = 0;
		};
/* End PBXFrameworksBuildPhase section */

/* Begin PBXGroup section */
		1DFBDDF81AA37EB300FF1B07 = {
			isa = PBXGroup;
			children = (
				1DFBDE031AA37EB300FF1B07 /* Reminder */,
				1DFBDE1D1AA37EB300FF1B07 /* ReminderTests */,
				1DFBDE021AA37EB300FF1B07 /* Products */,
			);
			sourceTree = "<group>";
		};
		1DFBDE021AA37EB300FF1B07 /* Products */ = {
			isa = PBXGroup;
			children = (
				1DFBDE011AA37EB300FF1B07 /* Reminder.app */,
				1DFBDE1A1AA37EB300FF1B07 /* ReminderTests.xctest */,
			);
			name = Products;
			sourceTree = "<group>";
		};
		1DFBDE031AA37EB300FF1B07 /* Reminder */ = {
			isa = PBXGroup;
			children = (
				C2657C171AAA2F2B0022EF3D /* Delegate */,
				C2657C181AAA2F440022EF3D /* Models */,
				C2657C191AAA2F540022EF3D /* Controllers */,
				C2657C1A1AAA2F9E0022EF3D /* View */,
				C2657C1B1AAA2FB50022EF3D /* Assets */,
				1DFBDE041AA37EB300FF1B07 /* Supporting Files */,
			);
			path = Reminder;
			sourceTree = "<group>";
		};
		1DFBDE041AA37EB300FF1B07 /* Supporting Files */ = {
			isa = PBXGroup;
			children = (
				A0E54AB31AAF77600084B807 /* Info.plist */,
				1DFBDE061AA37EB300FF1B07 /* main.m */,
			);
			name = "Supporting Files";
			sourceTree = "<group>";
		};
		1DFBDE1D1AA37EB300FF1B07 /* ReminderTests */ = {
			isa = PBXGroup;
			children = (
				1DFBDE201AA37EB300FF1B07 /* Reminder.m */,
			);
			path = ReminderTests;
			sourceTree = "<group>";
		};
		C2657C171AAA2F2B0022EF3D /* Delegate */ = {
			isa = PBXGroup;
			children = (
				1DFBDE081AA37EB300FF1B07 /* AppDelegate.h */,
				1DFBDE091AA37EB300FF1B07 /* AppDelegate.m */,
			);
			name = Delegate;
			sourceTree = "<group>";
		};
		C2657C181AAA2F440022EF3D /* Models */ = {
			isa = PBXGroup;
			children = (
				1D1F891B1AA3CAEE00F0D4DC /* Note.h */,
				1D1F891C1AA3CAEE00F0D4DC /* Note.m */,
				1D8C25751AA3BB650029F795 /* NotesArraySingleton.h */,
				1D8C25761AA3BB650029F795 /* NotesArraySingleton.m */,
			);
			name = Models;
			sourceTree = "<group>";
		};
		C2657C191AAA2F540022EF3D /* Controllers */ = {
			isa = PBXGroup;
			children = (
				1DFBDE0B1AA37EB300FF1B07 /* TableViewController.h */,
				1DFBDE0C1AA37EB300FF1B07 /* TableViewController.m */,
				1DFBDE2A1AA383C300FF1B07 /* AddNoteViewController.h */,
				1DFBDE2B1AA383C300FF1B07 /* AddNoteViewController.m */,
			);
			name = Controllers;
			sourceTree = "<group>";
		};
		C2657C1A1AAA2F9E0022EF3D /* View */ = {
			isa = PBXGroup;
			children = (
				1DFBDE0E1AA37EB300FF1B07 /* Main.storyboard */,
				1DFBDE131AA37EB300FF1B07 /* LaunchScreen.xib */,
			);
			name = View;
			sourceTree = "<group>";
		};
		C2657C1B1AAA2FB50022EF3D /* Assets */ = {
			isa = PBXGroup;
			children = (
				1DFBDE111AA37EB300FF1B07 /* Images.xcassets */,
			);
			name = Assets;
			sourceTree = "<group>";
		};
/* End PBXGroup section */

/* Begin PBXNativeTarget section */
		1DFBDE001AA37EB300FF1B07 /* Reminder */ = {
			isa = PBXNativeTarget;
			buildConfigurationList = 1DFBDE241AA37EB300FF1B07 /* Build configuration list for PBXNativeTarget "Reminder" */;
			buildPhases = (
				1DFBDDFD1AA37EB300FF1B07 /* Sources */,
				1DFBDDFE1AA37EB300FF1B07 /* Frameworks */,
				1DFBDDFF1AA37EB300FF1B07 /* Resources */,
			);
			buildRules = (
			);
			dependencies = (
			);
			name = Reminder;
			productName = MySecondApp;
			productReference = 1DFBDE011AA37EB300FF1B07 /* Reminder.app */;
			productType = "com.apple.product-type.application";
		};
		1DFBDE191AA37EB300FF1B07 /* ReminderTests */ = {
			isa = PBXNativeTarget;
			buildConfigurationList = 1DFBDE271AA37EB300FF1B07 /* Build configuration list for PBXNativeTarget "ReminderTests" */;
			buildPhases = (
				1DFBDE161AA37EB300FF1B07 /* Sources */,
				1DFBDE171AA37EB300FF1B07 /* Frameworks */,
				1DFBDE181AA37EB300FF1B07 /* Resources */,
			);
			buildRules = (
			);
			dependencies = (
				1DFBDE1C1AA37EB300FF1B07 /* PBXTargetDependency */,
			);
			name = ReminderTests;
			productName = MySecondAppTests;
			productReference = 1DFBDE1A1AA37EB300FF1B07 /* ReminderTests.xctest */;
			productType = "com.apple.product-type.bundle.unit-test";
		};
/* End PBXNativeTarget section */

/* Begin PBXProject section */
		1DFBDDF91AA37EB300FF1B07 /* Project object */ = {
			isa = PBXProject;
			attributes = {
				LastUpgradeCheck = 0610;
				ORGANIZATIONNAME = macmanu;
				TargetAttributes = {
					1DFBDE001AA37EB300FF1B07 = {
						CreatedOnToolsVersion = 6.1.1;
						DevelopmentTeam = 9468LRW88W;
					};
					1DFBDE191AA37EB300FF1B07 = {
						CreatedOnToolsVersion = 6.1.1;
						DevelopmentTeam = 9468LRW88W;
						TestTargetID = 1DFBDE001AA37EB300FF1B07;
					};
				};
			};
			buildConfigurationList = 1DFBDDFC1AA37EB300FF1B07 /* Build configuration list for PBXProject "Reminder" */;
			compatibilityVersion = "Xcode 3.2";
			developmentRegion = English;
			hasScannedForEncodings = 0;
			knownRegions = (
				en,
				Base,
			);
			mainGroup = 1DFBDDF81AA37EB300FF1B07;
			productRefGroup = 1DFBDE021AA37EB300FF1B07 /* Products */;
			projectDirPath = "";
			projectRoot = "";
			targets = (
				1DFBDE001AA37EB300FF1B07 /* Reminder */,
				1DFBDE191AA37EB300FF1B07 /* ReminderTests */,
			);
		};
/* End PBXProject section */

/* Begin PBXResourcesBuildPhase section */
		1DFBDDFF1AA37EB300FF1B07 /* Resources */ = {
			isa = PBXResourcesBuildPhase;
			buildActionMask = 2147483647;
			files = (
				A0E54AB41AAF77600084B807 /* Info.plist in Resources */,
				1DFBDE101AA37EB300FF1B07 /* Main.storyboard in Resources */,
				1DFBDE151AA37EB300FF1B07 /* LaunchScreen.xib in Resources */,
				1DFBDE121AA37EB300FF1B07 /* Images.xcassets in Resources */,
			);
			runOnlyForDeploymentPostprocessing = 0;
		};
		1DFBDE181AA37EB300FF1B07 /* Resources */ = {
			isa = PBXResourcesBuildPhase;
			buildActionMask = 2147483647;
			files = (
			);
			runOnlyForDeploymentPostprocessing = 0;
		};
/* End PBXResourcesBuildPhase section */

/* Begin PBXSourcesBuildPhase section */
		1DFBDDFD1AA37EB300FF1B07 /* Sources */ = {
			isa = PBXSourcesBuildPhase;
			buildActionMask = 2147483647;
			files = (
				1D1F891D1AA3CAEE00F0D4DC /* Note.m in Sources */,
				1DFBDE0D1AA37EB300FF1B07 /* TableViewController.m in Sources */,
				1DFBDE0A1AA37EB300FF1B07 /* AppDelegate.m in Sources */,
				1D8C25771AA3BB650029F795 /* NotesArraySingleton.m in Sources */,
				1DFBDE071AA37EB300FF1B07 /* main.m in Sources */,
				1DFBDE2C1AA383C300FF1B07 /* AddNoteViewController.m in Sources */,
			);
			runOnlyForDeploymentPostprocessing = 0;
		};
		1DFBDE161AA37EB300FF1B07 /* Sources */ = {
			isa = PBXSourcesBuildPhase;
			buildActionMask = 2147483647;
			files = (
				1DFBDE211AA37EB300FF1B07 /* Reminder.m in Sources */,
			);
			runOnlyForDeploymentPostprocessing = 0;
		};
/* End PBXSourcesBuildPhase section */

/* Begin PBXTargetDependency section */
		1DFBDE1C1AA37EB300FF1B07 /* PBXTargetDependency */ = {
			isa = PBXTargetDependency;
			target = 1DFBDE001AA37EB300FF1B07 /* Reminder */;
			targetProxy = 1DFBDE1B1AA37EB300FF1B07 /* PBXContainerItemProxy */;
		};
/* End PBXTargetDependency section */

/* Begin PBXVariantGroup section */
		1DFBDE0E1AA37EB300FF1B07 /* Main.storyboard */ = {
			isa = PBXVariantGroup;
			children = (
				1DFBDE0F1AA37EB300FF1B07 /* Base */,
			);
			name = Main.storyboard;
			sourceTree = "<group>";
		};
		1DFBDE131AA37EB300FF1B07 /* LaunchScreen.xib */ = {
			isa = PBXVariantGroup;
			children = (
				1DFBDE141AA37EB300FF1B07 /* Base */,
			);
			name = LaunchScreen.xib;
			sourceTree = "<group>";
		};
/* End PBXVariantGroup section */

/* Begin XCBuildConfiguration section */
		1DFBDE221AA37EB300FF1B07 /* Debug */ = {
			isa = XCBuildConfiguration;
			buildSettings = {
				ALWAYS_SEARCH_USER_PATHS = NO;
				CLANG_CXX_LANGUAGE_STANDARD = "gnu++0x";
				CLANG_CXX_LIBRARY = "libc++";
				CLANG_ENABLE_MODULES = YES;
				CLANG_ENABLE_OBJC_ARC = YES;
				CLANG_WARN_BOOL_CONVERSION = YES;
				CLANG_WARN_CONSTANT_CONVERSION = YES;
				CLANG_WARN_DIRECT_OBJC_ISA_USAGE = YES_ERROR;
				CLANG_WARN_EMPTY_BODY = YES;
				CLANG_WARN_ENUM_CONVERSION = YES;
				CLANG_WARN_INT_CONVERSION = YES;
				CLANG_WARN_OBJC_ROOT_CLASS = YES_ERROR;
				CLANG_WARN_UNREACHABLE_CODE = YES;
				CLANG_WARN__DUPLICATE_METHOD_MATCH = YES;
				"CODE_SIGN_IDENTITY[sdk=iphoneos*]" = "iPhone Developer";
				COPY_PHASE_STRIP = NO;
				ENABLE_STRICT_OBJC_MSGSEND = YES;
				GCC_C_LANGUAGE_STANDARD = gnu99;
				GCC_DYNAMIC_NO_PIC = NO;
				GCC_OPTIMIZATION_LEVEL = 0;
				GCC_PREPROCESSOR_DEFINITIONS = (
					"DEBUG=1",
					"$(inherited)",
				);
				GCC_SYMBOLS_PRIVATE_EXTERN = NO;
				GCC_WARN_64_TO_32_BIT_CONVERSION = YES;
				GCC_WARN_ABOUT_RETURN_TYPE = YES_ERROR;
				GCC_WARN_UNDECLARED_SELECTOR = YES;
				GCC_WARN_UNINITIALIZED_AUTOS = YES_AGGRESSIVE;
				GCC_WARN_UNUSED_FUNCTION = YES;
				GCC_WARN_UNUSED_VARIABLE = YES;
				IPHONEOS_DEPLOYMENT_TARGET = 8.1;
				MTL_ENABLE_DEBUG_INFO = YES;
				ONLY_ACTIVE_ARCH = YES;
				SDKROOT = iphoneos;
				TARGETED_DEVICE_FAMILY = "1,2";
			};
			name = Debug;
		};
		1DFBDE231AA37EB300FF1B07 /* Release */ = {
			isa = XCBuildConfiguration;
			buildSettings = {
				ALWAYS_SEARCH_USER_PATHS = NO;
				CLANG_CXX_LANGUAGE_STANDARD = "gnu++0x";
				CLANG_CXX_LIBRARY = "libc++";
				CLANG_ENABLE_MODULES = YES;
				CLANG_ENABLE_OBJC_ARC = YES;
				CLANG_WARN_BOOL_CONVERSION = YES;
				CLANG_WARN_CONSTANT_CONVERSION = YES;
				CLANG_WARN_DIRECT_OBJC_ISA_USAGE = YES_ERROR;
				CLANG_WARN_EMPTY_BODY = YES;
				CLANG_WARN_ENUM_CONVERSION = YES;
				CLANG_WARN_INT_CONVERSION = YES;
				CLANG_WARN_OBJC_ROOT_CLASS = YES_ERROR;
				CLANG_WARN_UNREACHABLE_CODE = YES;
				CLANG_WARN__DUPLICATE_METHOD_MATCH = YES;
				"CODE_SIGN_IDENTITY[sdk=iphoneos*]" = "iPhone Developer";
				COPY_PHASE_STRIP = YES;
				ENABLE_NS_ASSERTIONS = NO;
				ENABLE_STRICT_OBJC_MSGSEND = YES;
				GCC_C_LANGUAGE_STANDARD = gnu99;
				GCC_WARN_64_TO_32_BIT_CONVERSION = YES;
				GCC_WARN_ABOUT_RETURN_TYPE = YES_ERROR;
				GCC_WARN_UNDECLARED_SELECTOR = YES;
				GCC_WARN_UNINITIALIZED_AUTOS = YES_AGGRESSIVE;
				GCC_WARN_UNUSED_FUNCTION = YES;
				GCC_WARN_UNUSED_VARIABLE = YES;
				IPHONEOS_DEPLOYMENT_TARGET = 8.1;
				MTL_ENABLE_DEBUG_INFO = NO;
				SDKROOT = iphoneos;
				TARGETED_DEVICE_FAMILY = "1,2";
				VALIDATE_PRODUCT = YES;
			};
			name = Release;
		};
		1DFBDE251AA37EB300FF1B07 /* Debug */ = {
			isa = XCBuildConfiguration;
			buildSettings = {
				ASSETCATALOG_COMPILER_APPICON_NAME = AppIcon;
				CODE_SIGN_IDENTITY = "iPhone Developer";
				"CODE_SIGN_IDENTITY[sdk=iphoneos*]" = "iPhone Developer";
				INFOPLIST_FILE = Reminder/Info.plist;
				LD_RUNPATH_SEARCH_PATHS = "$(inherited) @executable_path/Frameworks";
				PRODUCT_NAME = Reminder;
				PROVISIONING_PROFILE = "";
				TARGETED_DEVICE_FAMILY = "1,2";
			};
			name = Debug;
		};
		1DFBDE261AA37EB300FF1B07 /* Release */ = {
			isa = XCBuildConfiguration;
			buildSettings = {
				ASSETCATALOG_COMPILER_APPICON_NAME = AppIcon;
				CODE_SIGN_IDENTITY = "iPhone Developer";
				"CODE_SIGN_IDENTITY[sdk=iphoneos*]" = "iPhone Developer";
				INFOPLIST_FILE = Reminder/Info.plist;
				LD_RUNPATH_SEARCH_PATHS = "$(inherited) @executable_path/Frameworks";
				PRODUCT_NAME = Reminder;
				PROVISIONING_PROFILE = "";
				TARGETED_DEVICE_FAMILY = "1,2";
			};
			name = Release;
		};
		1DFBDE281AA37EB300FF1B07 /* Debug */ = {
			isa = XCBuildConfiguration;
			buildSettings = {
				BUNDLE_LOADER = "$(TEST_HOST)";
				FRAMEWORK_SEARCH_PATHS = (
					"$(SDKROOT)/Developer/Library/Frameworks",
					"$(inherited)",
				);
				GCC_PREPROCESSOR_DEFINITIONS = (
					"DEBUG=1",
					"$(inherited)",
				);
				INFOPLIST_FILE = Reminder/Info.plist;
				LD_RUNPATH_SEARCH_PATHS = "$(inherited) @executable_path/Frameworks @loader_path/Frameworks";
				PRODUCT_NAME = ReminderTests;
				TEST_HOST = "$(BUILT_PRODUCTS_DIR)/Reminder.app/Reminder";
			};
			name = Debug;
		};
		1DFBDE291AA37EB300FF1B07 /* Release */ = {
			isa = XCBuildConfiguration;
			buildSettings = {
				BUNDLE_LOADER = "$(TEST_HOST)";
				FRAMEWORK_SEARCH_PATHS = (
					"$(SDKROOT)/Developer/Library/Frameworks",
					"$(inherited)",
				);
				INFOPLIST_FILE = Reminder/Info.plist;
				LD_RUNPATH_SEARCH_PATHS = "$(inherited) @executable_path/Frameworks @loader_path/Frameworks";
				PRODUCT_NAME = ReminderTests;
				TEST_HOST = "$(BUILT_PRODUCTS_DIR)/Reminder.app/Reminder";
			};
			name = Release;
		};
/* End XCBuildConfiguration section */

/* Begin XCConfigurationList section */
		1DFBDDFC1AA37EB300FF1B07 /* Build configuration list for PBXProject "Reminder" */ = {
			isa = XCConfigurationList;
			buildConfigurations = (
				1DFBDE221AA37EB300FF1B07 /* Debug */,
				1DFBDE231AA37EB300FF1B07 /* Release */,
			);
			defaultConfigurationIsVisible = 0;
			defaultConfigurationName = Release;
		};
		1DFBDE241AA37EB300FF1B07 /* Build configuration list for PBXNativeTarget "Reminder" */ = {
			isa = XCConfigurationList;
			buildConfigurations = (
				1DFBDE251AA37EB300FF1B07 /* Debug */,
				1DFBDE261AA37EB300FF1B07 /* Release */,
			);
			defaultConfigurationIsVisible = 0;
			defaultConfigurationName = Release;
		};
		1DFBDE271AA37EB300FF1B07 /* Build configuration list for PBXNativeTarget "ReminderTests" */ = {
			isa = XCConfigurationList;
			buildConfigurations = (
				1DFBDE281AA37EB300FF1B07 /* Debug */,
				1DFBDE291AA37EB300FF1B07 /* Release */,
			);
			defaultConfigurationIsVisible = 0;
			defaultConfigurationName = Release;
		};
/* End XCConfigurationList section */
	};
	rootObject = 1DFBDDF91AA37EB300FF1B07 /* Project object */;
}
